// !$*UTF8*$!
{
	archiveVersion = 1;
	classes = {
	};
	objectVersion = 77;
	objects = {

/* Begin PBXBuildFile section */
		1849FBAE2EDEF9060072F0B8 /* logo.png in Resources */ = {isa = PBXBuildFile; fileRef = 1849FBAD2EDEF9060072F0B8 /* logo.png */; };
		1849FBB02EDEF9D40072F0B8 /* logo_white.png in Resources */ = {isa = PBXBuildFile; fileRef = 1849FBAF2EDEF9D40072F0B8 /* logo_white.png */; };
		18E9B9F92EDCCD7E00C6E200 /* README.md in Resources */ = {isa = PBXBuildFile; fileRef = 18E9B9E72EDCCD7E00C6E200 /* README.md */; };
/* End PBXBuildFile section */

/* Begin PBXContainerItemProxy section */
		18BA80B02ED7133C00B476FE /* PBXContainerItemProxy */ = {
			isa = PBXContainerItemProxy;
			containerPortal = 18BA809A2ED7133800B476FE /* Project object */;
			proxyType = 1;
			remoteGlobalIDString = 18BA80A12ED7133800B476FE;
			remoteInfo = HyperMac;
		};
		18BA80BA2ED7133C00B476FE /* PBXContainerItemProxy */ = {
			isa = PBXContainerItemProxy;
			containerPortal = 18BA809A2ED7133800B476FE /* Project object */;
			proxyType = 1;
			remoteGlobalIDString = 18BA80A12ED7133800B476FE;
			remoteInfo = HyperMac;
		};
/* End PBXContainerItemProxy section */

/* Begin PBXFileReference section */
		1849FBAD2EDEF9060072F0B8 /* logo.png */ = {isa = PBXFileReference; lastKnownFileType = image.png; path = logo.png; sourceTree = "<group>"; };
		1849FBAF2EDEF9D40072F0B8 /* logo_white.png */ = {isa = PBXFileReference; lastKnownFileType = image.png; path = logo_white.png; sourceTree = "<group>"; };
		18BA80A22ED7133800B476FE /* HyperMac.app */ = {isa = PBXFileReference; explicitFileType = wrapper.application; includeInIndex = 0; path = HyperMac.app; sourceTree = BUILT_PRODUCTS_DIR; };
		18BA80AF2ED7133C00B476FE /* HyperMacTests.xctest */ = {isa = PBXFileReference; explicitFileType = wrapper.cfbundle; includeInIndex = 0; path = HyperMacTests.xctest; sourceTree = BUILT_PRODUCTS_DIR; };
		18BA80B92ED7133C00B476FE /* HyperMacUITests.xctest */ = {isa = PBXFileReference; explicitFileType = wrapper.cfbundle; includeInIndex = 0; path = HyperMacUITests.xctest; sourceTree = BUILT_PRODUCTS_DIR; };
		18E9B9E72EDCCD7E00C6E200 /* README.md */ = {isa = PBXFileReference; lastKnownFileType = net.daringfireball.markdown; path = README.md; sourceTree = "<group>"; xcLanguageSpecificationIdentifier = xcode.lang.markdown; };
/* End PBXFileReference section */

/* Begin PBXFileSystemSynchronizedRootGroup section */
		18BA80A42ED7133800B476FE /* HyperMac */ = {
			isa = PBXFileSystemSynchronizedRootGroup;
			path = HyperMac;
			sourceTree = "<group>";
		};
		18BA80B22ED7133C00B476FE /* HyperMacTests */ = {
			isa = PBXFileSystemSynchronizedRootGroup;
			path = HyperMacTests;
			sourceTree = "<group>";
		};
		18BA80BC2ED7133C00B476FE /* HyperMacUITests */ = {
			isa = PBXFileSystemSynchronizedRootGroup;
			path = HyperMacUITests;
			sourceTree = "<group>";
		};
/* End PBXFileSystemSynchronizedRootGroup section */

/* Begin PBXFrameworksBuildPhase section */
		18BA809F2ED7133800B476FE /* Frameworks */ = {
			isa = PBXFrameworksBuildPhase;
			buildActionMask = 2147483647;
			files = (
			);
			runOnlyForDeploymentPostprocessing = 0;
		};
		18BA80AC2ED7133C00B476FE /* Frameworks */ = {
			isa = PBXFrameworksBuildPhase;
			buildActionMask = 2147483647;
			files = (
			);
			runOnlyForDeploymentPostprocessing = 0;
		};
		18BA80B62ED7133C00B476FE /* Frameworks */ = {
			isa = PBXFrameworksBuildPhase;
			buildActionMask = 2147483647;
			files = (
			);
			runOnlyForDeploymentPostprocessing = 0;
		};
/* End PBXFrameworksBuildPhase section */

/* Begin PBXGroup section */
		18BA80992ED7133800B476FE = {
			isa = PBXGroup;
			children = (
				18E9B9E72EDCCD7E00C6E200 /* README.md */,
				1849FBAF2EDEF9D40072F0B8 /* logo_white.png */,
				1849FBAD2EDEF9060072F0B8 /* logo.png */,
				18BA80A42ED7133800B476FE /* HyperMac */,
				18BA80B22ED7133C00B476FE /* HyperMacTests */,
				18BA80BC2ED7133C00B476FE /* HyperMacUITests */,
				18BA80A32ED7133800B476FE /* Products */,
			);
			sourceTree = "<group>";
		};
		18BA80A32ED7133800B476FE /* Products */ = {
			isa = PBXGroup;
			children = (
				18BA80A22ED7133800B476FE /* HyperMac.app */,
				18BA80AF2ED7133C00B476FE /* HyperMacTests.xctest */,
				18BA80B92ED7133C00B476FE /* HyperMacUITests.xctest */,
			);
			name = Products;
			sourceTree = "<group>";
		};
/* End PBXGroup section */

/* Begin PBXNativeTarget section */
		18BA80A12ED7133800B476FE /* HyperMac */ = {
			isa = PBXNativeTarget;
			buildConfigurationList = 18BA80C32ED7133C00B476FE /* Build configuration list for PBXNativeTarget "HyperMac" */;
			buildPhases = (
				18BA809E2ED7133800B476FE /* Sources */,
				18BA809F2ED7133800B476FE /* Frameworks */,
				18BA80A02ED7133800B476FE /* Resources */,
			);
			buildRules = (
			);
			dependencies = (
			);
			fileSystemSynchronizedGroups = (
				18BA80A42ED7133800B476FE /* HyperMac */,
			);
			name = HyperMac;
			packageProductDependencies = (
			);
			productName = HyperMac;
			productReference = 18BA80A22ED7133800B476FE /* HyperMac.app */;
			productType = "com.apple.product-type.application";
		};
		18BA80AE2ED7133C00B476FE /* HyperMacTests */ = {
			isa = PBXNativeTarget;
			buildConfigurationList = 18BA80C62ED7133C00B476FE /* Build configuration list for PBXNativeTarget "HyperMacTests" */;
			buildPhases = (
				18BA80AB2ED7133C00B476FE /* Sources */,
				18BA80AC2ED7133C00B476FE /* Frameworks */,
				18BA80AD2ED7133C00B476FE /* Resources */,
			);
			buildRules = (
			);
			dependencies = (
				18BA80B12ED7133C00B476FE /* PBXTargetDependency */,
			);
			fileSystemSynchronizedGroups = (
				18BA80B22ED7133C00B476FE /* HyperMacTests */,
			);
			name = HyperMacTests;
			packageProductDependencies = (
			);
			productName = HyperMacTests;
			productReference = 18BA80AF2ED7133C00B476FE /* HyperMacTests.xctest */;
			productType = "com.apple.product-type.bundle.unit-test";
		};
		18BA80B82ED7133C00B476FE /* HyperMacUITests */ = {
			isa = PBXNativeTarget;
			buildConfigurationList = 18BA80C92ED7133C00B476FE /* Build configuration list for PBXNativeTarget "HyperMacUITests" */;
			buildPhases = (
				18BA80B52ED7133C00B476FE /* Sources */,
				18BA80B62ED7133C00B476FE /* Frameworks */,
				18BA80B72ED7133C00B476FE /* Resources */,
			);
			buildRules = (
			);
			dependencies = (
				18BA80BB2ED7133C00B476FE /* PBXTargetDependency */,
			);
			fileSystemSynchronizedGroups = (
				18BA80BC2ED7133C00B476FE /* HyperMacUITests */,
			);
			name = HyperMacUITests;
			packageProductDependencies = (
			);
			productName = HyperMacUITests;
			productReference = 18BA80B92ED7133C00B476FE /* HyperMacUITests.xctest */;
			productType = "com.apple.product-type.bundle.ui-testing";
		};
/* End PBXNativeTarget section */

/* Begin PBXProject section */
		18BA809A2ED7133800B476FE /* Project object */ = {
			isa = PBXProject;
			attributes = {
				BuildIndependentTargetsInParallel = 1;
				LastSwiftUpdateCheck = 2610;
				LastUpgradeCheck = 2610;
				TargetAttributes = {
					18BA80A12ED7133800B476FE = {
						CreatedOnToolsVersion = 26.1.1;
					};
					18BA80AE2ED7133C00B476FE = {
						CreatedOnToolsVersion = 26.1.1;
						TestTargetID = 18BA80A12ED7133800B476FE;
					};
					18BA80B82ED7133C00B476FE = {
						CreatedOnToolsVersion = 26.1.1;
						TestTargetID = 18BA80A12ED7133800B476FE;
					};
				};
			};
			buildConfigurationList = 18BA809D2ED7133800B476FE /* Build configuration list for PBXProject "HyperMac" */;
			developmentRegion = en;
			hasScannedForEncodings = 0;
			knownRegions = (
				en,
				Base,
			);
			mainGroup = 18BA80992ED7133800B476FE;
			minimizedProjectReferenceProxies = 1;
			preferredProjectObjectVersion = 77;
			productRefGroup = 18BA80A32ED7133800B476FE /* Products */;
			projectDirPath = "";
			projectRoot = "";
			targets = (
				18BA80A12ED7133800B476FE /* HyperMac */,
				18BA80AE2ED7133C00B476FE /* HyperMacTests */,
				18BA80B82ED7133C00B476FE /* HyperMacUITests */,
			);
		};
/* End PBXProject section */

/* Begin PBXResourcesBuildPhase section */
		18BA80A02ED7133800B476FE /* Resources */ = {
			isa = PBXResourcesBuildPhase;
			buildActionMask = 2147483647;
			files = (
				18E9B9F92EDCCD7E00C6E200 /* README.md in Resources */,
				1849FBB02EDEF9D40072F0B8 /* logo_white.png in Resources */,
				1849FBAE2EDEF9060072F0B8 /* logo.png in Resources */,
			);
			runOnlyForDeploymentPostprocessing = 0;
		};
		18BA80AD2ED7133C00B476FE /* Resources */ = {
			isa = PBXResourcesBuildPhase;
			buildActionMask = 2147483647;
			files = (
			);
			runOnlyForDeploymentPostprocessing = 0;
		};
		18BA80B72ED7133C00B476FE /* Resources */ = {
			isa = PBXResourcesBuildPhase;
			buildActionMask = 2147483647;
			files = (
			);
			runOnlyForDeploymentPostprocessing = 0;
		};
/* End PBXResourcesBuildPhase section */

/* Begin PBXSourcesBuildPhase section */
		18BA809E2ED7133800B476FE /* Sources */ = {
			isa = PBXSourcesBuildPhase;
			buildActionMask = 2147483647;
			files = (
			);
			runOnlyForDeploymentPostprocessing = 0;
		};
		18BA80AB2ED7133C00B476FE /* Sources */ = {
			isa = PBXSourcesBuildPhase;
			buildActionMask = 2147483647;
			files = (
			);
			runOnlyForDeploymentPostprocessing = 0;
		};
		18BA80B52ED7133C00B476FE /* Sources */ = {
			isa = PBXSourcesBuildPhase;
			buildActionMask = 2147483647;
			files = (
			);
			runOnlyForDeploymentPostprocessing = 0;
		};
/* End PBXSourcesBuildPhase section */

/* Begin PBXTargetDependency section */
		18BA80B12ED7133C00B476FE /* PBXTargetDependency */ = {
			isa = PBXTargetDependency;
			target = 18BA80A12ED7133800B476FE /* HyperMac */;
			targetProxy = 18BA80B02ED7133C00B476FE /* PBXContainerItemProxy */;
		};
		18BA80BB2ED7133C00B476FE /* PBXTargetDependency */ = {
			isa = PBXTargetDependency;
			target = 18BA80A12ED7133800B476FE /* HyperMac */;
			targetProxy = 18BA80BA2ED7133C00B476FE /* PBXContainerItemProxy */;
		};
/* End PBXTargetDependency section */

/* Begin XCBuildConfiguration section */
		18BA80C12ED7133C00B476FE /* Debug */ = {
			isa = XCBuildConfiguration;
			buildSettings = {
				ALWAYS_SEARCH_USER_PATHS = NO;
				ASSETCATALOG_COMPILER_GENERATE_SWIFT_ASSET_SYMBOL_EXTENSIONS = YES;
				CLANG_ANALYZER_NONNULL = YES;
				CLANG_ANALYZER_NUMBER_OBJECT_CONVERSION = YES_AGGRESSIVE;
				CLANG_CXX_LANGUAGE_STANDARD = "gnu++20";
				CLANG_ENABLE_MODULES = YES;
				CLANG_ENABLE_OBJC_ARC = YES;
				CLANG_ENABLE_OBJC_WEAK = YES;
				CLANG_WARN_BLOCK_CAPTURE_AUTORELEASING = YES;
				CLANG_WARN_BOOL_CONVERSION = YES;
				CLANG_WARN_COMMA = YES;
				CLANG_WARN_CONSTANT_CONVERSION = YES;
				CLANG_WARN_DEPRECATED_OBJC_IMPLEMENTATIONS = YES;
				CLANG_WARN_DIRECT_OBJC_ISA_USAGE = YES_ERROR;
				CLANG_WARN_DOCUMENTATION_COMMENTS = YES;
				CLANG_WARN_EMPTY_BODY = YES;
				CLANG_WARN_ENUM_CONVERSION = YES;
				CLANG_WARN_INFINITE_RECURSION = YES;
				CLANG_WARN_INT_CONVERSION = YES;
				CLANG_WARN_NON_LITERAL_NULL_CONVERSION = YES;
				CLANG_WARN_OBJC_IMPLICIT_RETAIN_SELF = YES;
				CLANG_WARN_OBJC_LITERAL_CONVERSION = YES;
				CLANG_WARN_OBJC_ROOT_CLASS = YES_ERROR;
				CLANG_WARN_QUOTED_INCLUDE_IN_FRAMEWORK_HEADER = YES;
				CLANG_WARN_RANGE_LOOP_ANALYSIS = YES;
				CLANG_WARN_STRICT_PROTOTYPES = YES;
				CLANG_WARN_SUSPICIOUS_MOVE = YES;
				CLANG_WARN_UNGUARDED_AVAILABILITY = YES_AGGRESSIVE;
				CLANG_WARN_UNREACHABLE_CODE = YES;
				CLANG_WARN__DUPLICATE_METHOD_MATCH = YES;
				COPY_PHASE_STRIP = NO;
				DEBUG_INFORMATION_FORMAT = dwarf;
				DEVELOPMENT_TEAM = UB2Q5HZ4NX;
				ENABLE_STRICT_OBJC_MSGSEND = YES;
				ENABLE_TESTABILITY = YES;
				ENABLE_USER_SCRIPT_SANDBOXING = YES;
				GCC_C_LANGUAGE_STANDARD = gnu17;
				GCC_DYNAMIC_NO_PIC = NO;
				GCC_NO_COMMON_BLOCKS = YES;
				GCC_OPTIMIZATION_LEVEL = 0;
				GCC_PREPROCESSOR_DEFINITIONS = (
					"DEBUG=1",
					"$(inherited)",
				);
				GCC_WARN_64_TO_32_BIT_CONVERSION = YES;
				GCC_WARN_ABOUT_RETURN_TYPE = YES_ERROR;
				GCC_WARN_UNDECLARED_SELECTOR = YES;
				GCC_WARN_UNINITIALIZED_AUTOS = YES_AGGRESSIVE;
				GCC_WARN_UNUSED_FUNCTION = YES;
				GCC_WARN_UNUSED_VARIABLE = YES;
				LOCALIZATION_PREFERS_STRING_CATALOGS = YES;
				MACOSX_DEPLOYMENT_TARGET = 26.0;
				MTL_ENABLE_DEBUG_INFO = INCLUDE_SOURCE;
				MTL_FAST_MATH = YES;
				ONLY_ACTIVE_ARCH = YES;
				SDKROOT = macosx;
				SWIFT_ACTIVE_COMPILATION_CONDITIONS = "DEBUG $(inherited)";
				SWIFT_OPTIMIZATION_LEVEL = "-Onone";
			};
			name = Debug;
		};
		18BA80C22ED7133C00B476FE /* Release */ = {
			isa = XCBuildConfiguration;
			buildSettings = {
				ALWAYS_SEARCH_USER_PATHS = NO;
				ASSETCATALOG_COMPILER_GENERATE_SWIFT_ASSET_SYMBOL_EXTENSIONS = YES;
				CLANG_ANALYZER_NONNULL = YES;
				CLANG_ANALYZER_NUMBER_OBJECT_CONVERSION = YES_AGGRESSIVE;
				CLANG_CXX_LANGUAGE_STANDARD = "gnu++20";
				CLANG_ENABLE_MODULES = YES;
				CLANG_ENABLE_OBJC_ARC = YES;
				CLANG_ENABLE_OBJC_WEAK = YES;
				CLANG_WARN_BLOCK_CAPTURE_AUTORELEASING = YES;
				CLANG_WARN_BOOL_CONVERSION = YES;
				CLANG_WARN_COMMA = YES;
				CLANG_WARN_CONSTANT_CONVERSION = YES;
				CLANG_WARN_DEPRECATED_OBJC_IMPLEMENTATIONS = YES;
				CLANG_WARN_DIRECT_OBJC_ISA_USAGE = YES_ERROR;
				CLANG_WARN_DOCUMENTATION_COMMENTS = YES;
				CLANG_WARN_EMPTY_BODY = YES;
				CLANG_WARN_ENUM_CONVERSION = YES;
				CLANG_WARN_INFINITE_RECURSION = YES;
				CLANG_WARN_INT_CONVERSION = YES;
				CLANG_WARN_NON_LITERAL_NULL_CONVERSION = YES;
				CLANG_WARN_OBJC_IMPLICIT_RETAIN_SELF = YES;
				CLANG_WARN_OBJC_LITERAL_CONVERSION = YES;
				CLANG_WARN_OBJC_ROOT_CLASS = YES_ERROR;
				CLANG_WARN_QUOTED_INCLUDE_IN_FRAMEWORK_HEADER = YES;
				CLANG_WARN_RANGE_LOOP_ANALYSIS = YES;
				CLANG_WARN_STRICT_PROTOTYPES = YES;
				CLANG_WARN_SUSPICIOUS_MOVE = YES;
				CLANG_WARN_UNGUARDED_AVAILABILITY = YES_AGGRESSIVE;
				CLANG_WARN_UNREACHABLE_CODE = YES;
				CLANG_WARN__DUPLICATE_METHOD_MATCH = YES;
				COPY_PHASE_STRIP = NO;
				DEBUG_INFORMATION_FORMAT = "dwarf-with-dsym";
				DEVELOPMENT_TEAM = UB2Q5HZ4NX;
				ENABLE_NS_ASSERTIONS = NO;
				ENABLE_STRICT_OBJC_MSGSEND = YES;
				ENABLE_USER_SCRIPT_SANDBOXING = YES;
				GCC_C_LANGUAGE_STANDARD = gnu17;
				GCC_NO_COMMON_BLOCKS = YES;
				GCC_WARN_64_TO_32_BIT_CONVERSION = YES;
				GCC_WARN_ABOUT_RETURN_TYPE = YES_ERROR;
				GCC_WARN_UNDECLARED_SELECTOR = YES;
				GCC_WARN_UNINITIALIZED_AUTOS = YES_AGGRESSIVE;
				GCC_WARN_UNUSED_FUNCTION = YES;
				GCC_WARN_UNUSED_VARIABLE = YES;
				LOCALIZATION_PREFERS_STRING_CATALOGS = YES;
				MACOSX_DEPLOYMENT_TARGET = 26.0;
				MTL_ENABLE_DEBUG_INFO = NO;
				MTL_FAST_MATH = YES;
				SDKROOT = macosx;
				SWIFT_COMPILATION_MODE = wholemodule;
			};
			name = Release;
		};
		18BA80C42ED7133C00B476FE /* Debug */ = {
			isa = XCBuildConfiguration;
			buildSettings = {
				ASSETCATALOG_COMPILER_APPICON_NAME = AppIcon;
				ASSETCATALOG_COMPILER_GLOBAL_ACCENT_COLOR_NAME = AccentColor;
				CODE_SIGN_STYLE = Automatic;
				COMBINE_HIDPI_IMAGES = YES;
				CURRENT_PROJECT_VERSION = 1;
				DEVELOPMENT_TEAM = UB2Q5HZ4NX;
				ENABLE_APP_SANDBOX = NO;
				ENABLE_HARDENED_RUNTIME = YES;
				ENABLE_PREVIEWS = YES;
				GENERATE_INFOPLIST_FILE = YES;
				INFOPLIST_KEY_NSHumanReadableCopyright = "";
				LD_RUNPATH_SEARCH_PATHS = (
					"$(inherited)",
					"@executable_path/../Frameworks",
				);
				MARKETING_VERSION = 1.0;
				PRODUCT_BUNDLE_IDENTIFIER = com.chris.hypermac.HyperMac;
				PRODUCT_NAME = "$(TARGET_NAME)";
				REGISTER_APP_GROUPS = YES;
				STRING_CATALOG_GENERATE_SYMBOLS = YES;
				SWIFT_APPROACHABLE_CONCURRENCY = YES;
				SWIFT_DEFAULT_ACTOR_ISOLATION = MainActor;
				SWIFT_EMIT_LOC_STRINGS = YES;
				SWIFT_UPCOMING_FEATURE_MEMBER_IMPORT_VISIBILITY = YES;
				SWIFT_VERSION = 5.0;
			};
			name = Debug;
		};
		18BA80C52ED7133C00B476FE /* Release */ = {
			isa = XCBuildConfiguration;
			buildSettings = {
				ASSETCATALOG_COMPILER_APPICON_NAME = AppIcon;
				ASSETCATALOG_COMPILER_GLOBAL_ACCENT_COLOR_NAME = AccentColor;
				CODE_SIGN_STYLE = Automatic;
				COMBINE_HIDPI_IMAGES = YES;
				CURRENT_PROJECT_VERSION = 1;
				DEVELOPMENT_TEAM = UB2Q5HZ4NX;
				ENABLE_APP_SANDBOX = NO;
				ENABLE_HARDENED_RUNTIME = YES;
				ENABLE_PREVIEWS = YES;
				GENERATE_INFOPLIST_FILE = YES;
				INFOPLIST_KEY_NSHumanReadableCopyright = "";
				LD_RUNPATH_SEARCH_PATHS = (
					"$(inherited)",
					"@executable_path/../Frameworks",
				);
				MARKETING_VERSION = 1.0;
				PRODUCT_BUNDLE_IDENTIFIER = com.chris.hypermac.HyperMac;
				PRODUCT_NAME = "$(TARGET_NAME)";
				REGISTER_APP_GROUPS = YES;
				STRING_CATALOG_GENERATE_SYMBOLS = YES;
				SWIFT_APPROACHABLE_CONCURRENCY = YES;
				SWIFT_DEFAULT_ACTOR_ISOLATION = MainActor;
				SWIFT_EMIT_LOC_STRINGS = YES;
				SWIFT_UPCOMING_FEATURE_MEMBER_IMPORT_VISIBILITY = YES;
				SWIFT_VERSION = 5.0;
			};
			name = Release;
		};
		18BA80C72ED7133C00B476FE /* Debug */ = {
			isa = XCBuildConfiguration;
			buildSettings = {
				BUNDLE_LOADER = "$(TEST_HOST)";
				CODE_SIGN_STYLE = Automatic;
				CURRENT_PROJECT_VERSION = 1;
				DEVELOPMENT_TEAM = UB2Q5HZ4NX;
				GENERATE_INFOPLIST_FILE = YES;
				MACOSX_DEPLOYMENT_TARGET = 26.0;
				MARKETING_VERSION = 1.0;
				PRODUCT_BUNDLE_IDENTIFIER = com.chris.hypermac.HyperMacTests;
				PRODUCT_NAME = "$(TARGET_NAME)";
				STRING_CATALOG_GENERATE_SYMBOLS = NO;
				SWIFT_APPROACHABLE_CONCURRENCY = YES;
				SWIFT_EMIT_LOC_STRINGS = NO;
				SWIFT_UPCOMING_FEATURE_MEMBER_IMPORT_VISIBILITY = YES;
				SWIFT_VERSION = 5.0;
				TEST_HOST = "$(BUILT_PRODUCTS_DIR)/HyperMac.app/$(BUNDLE_EXECUTABLE_FOLDER_PATH)/HyperMac";
			};
			name = Debug;
		};
		18BA80C82ED7133C00B476FE /* Release */ = {
			isa = XCBuildConfiguration;
			buildSettings = {
				BUNDLE_LOADER = "$(TEST_HOST)";
				CODE_SIGN_STYLE = Automatic;
				CURRENT_PROJECT_VERSION = 1;
				DEVELOPMENT_TEAM = UB2Q5HZ4NX;
				GENERATE_INFOPLIST_FILE = YES;
				MACOSX_DEPLOYMENT_TARGET = 26.0;
				MARKETING_VERSION = 1.0;
				PRODUCT_BUNDLE_IDENTIFIER = com.chris.hypermac.HyperMacTests;
				PRODUCT_NAME = "$(TARGET_NAME)";
				STRING_CATALOG_GENERATE_SYMBOLS = NO;
				SWIFT_APPROACHABLE_CONCURRENCY = YES;
				SWIFT_EMIT_LOC_STRINGS = NO;
				SWIFT_UPCOMING_FEATURE_MEMBER_IMPORT_VISIBILITY = YES;
				SWIFT_VERSION = 5.0;
				TEST_HOST = "$(BUILT_PRODUCTS_DIR)/HyperMac.app/$(BUNDLE_EXECUTABLE_FOLDER_PATH)/HyperMac";
			};
			name = Release;
		};
		18BA80CA2ED7133C00B476FE /* Debug */ = {
			isa = XCBuildConfiguration;
			buildSettings = {
				CODE_SIGN_STYLE = Automatic;
				CURRENT_PROJECT_VERSION = 1;
				DEVELOPMENT_TEAM = UB2Q5HZ4NX;
				GENERATE_INFOPLIST_FILE = YES;
				MARKETING_VERSION = 1.0;
				PRODUCT_BUNDLE_IDENTIFIER = com.chris.hypermac.HyperMacUITests;
				PRODUCT_NAME = "$(TARGET_NAME)";
				STRING_CATALOG_GENERATE_SYMBOLS = NO;
				SWIFT_APPROACHABLE_CONCURRENCY = YES;
				SWIFT_EMIT_LOC_STRINGS = NO;
				SWIFT_UPCOMING_FEATURE_MEMBER_IMPORT_VISIBILITY = YES;
				SWIFT_VERSION = 5.0;
				TEST_TARGET_NAME = HyperMac;
			};
			name = Debug;
		};
		18BA80CB2ED7133C00B476FE /* Release */ = {
			isa = XCBuildConfiguration;
			buildSettings = {
				CODE_SIGN_STYLE = Automatic;
				CURRENT_PROJECT_VERSION = 1;
				DEVELOPMENT_TEAM = UB2Q5HZ4NX;
				GENERATE_INFOPLIST_FILE = YES;
				MARKETING_VERSION = 1.0;
				PRODUCT_BUNDLE_IDENTIFIER = com.chris.hypermac.HyperMacUITests;
				PRODUCT_NAME = "$(TARGET_NAME)";
				STRING_CATALOG_GENERATE_SYMBOLS = NO;
				SWIFT_APPROACHABLE_CONCURRENCY = YES;
				SWIFT_EMIT_LOC_STRINGS = NO;
				SWIFT_UPCOMING_FEATURE_MEMBER_IMPORT_VISIBILITY = YES;
				SWIFT_VERSION = 5.0;
				TEST_TARGET_NAME = HyperMac;
			};
			name = Release;
		};
/* End XCBuildConfiguration section */

/* Begin XCConfigurationList section */
		18BA809D2ED7133800B476FE /* Build configuration list for PBXProject "HyperMac" */ = {
			isa = XCConfigurationList;
			buildConfigurations = (
				18BA80C12ED7133C00B476FE /* Debug */,
				18BA80C22ED7133C00B476FE /* Release */,
			);
			defaultConfigurationIsVisible = 0;
			defaultConfigurationName = Release;
		};
		18BA80C32ED7133C00B476FE /* Build configuration list for PBXNativeTarget "HyperMac" */ = {
			isa = XCConfigurationList;
			buildConfigurations = (
				18BA80C42ED7133C00B476FE /* Debug */,
				18BA80C52ED7133C00B476FE /* Release */,
			);
			defaultConfigurationIsVisible = 0;
			defaultConfigurationName = Release;
		};
		18BA80C62ED7133C00B476FE /* Build configuration list for PBXNativeTarget "HyperMacTests" */ = {
			isa = XCConfigurationList;
			buildConfigurations = (
				18BA80C72ED7133C00B476FE /* Debug */,
				18BA80C82ED7133C00B476FE /* Release */,
			);
			defaultConfigurationIsVisible = 0;
			defaultConfigurationName = Release;
		};
		18BA80C92ED7133C00B476FE /* Build configuration list for PBXNativeTarget "HyperMacUITests" */ = {
			isa = XCConfigurationList;
			buildConfigurations = (
				18BA80CA2ED7133C00B476FE /* Debug */,
				18BA80CB2ED7133C00B476FE /* Release */,
			);
			defaultConfigurationIsVisible = 0;
			defaultConfigurationName = Release;
		};
/* End XCConfigurationList section */
	};
	rootObject = 18BA809A2ED7133800B476FE /* Project object */;
}
